
Microsoft Visual Studio Solution File, Format Version 12.00
# Visual Studio Version 17
VisualStudioVersion = 17.3.32929.385
MinimumVisualStudioVersion = 10.0.40219.1
Project("{FAE04EC0-301F-11D3-BF4B-00C04F79EFBC}") = "Control7", "Control7\Control7.csproj", "{6CF22A22-FBED-4B50-BBC6-D5353CF9F29C}"
EndProject
Global
	GlobalSection(SolutionConfigurationPlatforms) = preSolution
		Debug|Any CPU = Debug|Any CPU
		Release|Any CPU = Release|Any CPU
	EndGlobalSection
	GlobalSection(ProjectConfigurationPlatforms) = postSolution
		{6CF22A22-FBED-4B50-BBC6-D5353CF9F29C}.Debug|Any CPU.ActiveCfg = Debug|Any CPU
		{6CF22A22-FBED-4B50-BBC6-D5353CF9F29C}.Debug|Any CPU.Build.0 = Debug|Any CPU
		{6CF22A22-FBED-4B50-BBC6-D5353CF9F29C}.Release|Any CPU.ActiveCfg = Release|Any CPU
		{6CF22A22-FBED-4B50-BBC6-D5353CF9F29C}.Release|Any CPU.Build.0 = Release|Any CPU
	EndGlobalSection
	GlobalSection(SolutionProperties) = preSolution
		HideSolutionNode = FALSE
	EndGlobalSection
	GlobalSection(ExtensibilityGlobals) = postSolution
		SolutionGuid = {DD56031C-29EE-481D-80FC-2B3BA9972DF7}
	EndGlobalSection
EndGlobal
